
Microsoft Visual Studio Solution File, Format Version 12.00
# Visual Studio Version 17
VisualStudioVersion = 17.5.33502.453
MinimumVisualStudioVersion = 10.0.40219.1
Project("{FAE04EC0-301F-11D3-BF4B-00C04F79EFBC}") = "GreenHellVRLoader", "GreenHellVRLoader\GreenHellVRLoader.csproj", "{81A5D2C0-B7D8-4AE8-AB2D-7DD29F99A3FF}"
EndProject
Global
	GlobalSection(SolutionConfigurationPlatforms) = preSolution
		Debug|Any CPU = Debug|Any CPU
		Release|Any CPU = Release|Any CPU
	EndGlobalSection
	GlobalSection(ProjectConfigurationPlatforms) = postSolution
		{81A5D2C0-B7D8-4AE8-AB2D-7DD29F99A3FF}.Debug|Any CPU.ActiveCfg = Debug|Any CPU
		{81A5D2C0-B7D8-4AE8-AB2D-7DD29F99A3FF}.Debug|Any CPU.Build.0 = Debug|Any CPU
		{81A5D2C0-B7D8-4AE8-AB2D-7DD29F99A3FF}.Release|Any CPU.ActiveCfg = Release|Any CPU
		{81A5D2C0-B7D8-4AE8-AB2D-7DD29F99A3FF}.Release|Any CPU.Build.0 = Release|Any CPU
	EndGlobalSection
	GlobalSection(SolutionProperties) = preSolution
		HideSolutionNode = FALSE
	EndGlobalSection
	GlobalSection(ExtensibilityGlobals) = postSolution
		SolutionGuid = {D54009F4-6E74-4E59-B2D6-41F316CAE55C}
	EndGlobalSection
EndGlobal
